
Microsoft Visual Studio Solution File, Format Version 12.00
# Visual Studio Version 17
VisualStudioVersion = 17.5.002.0
MinimumVisualStudioVersion = 10.0.40219.1
Project("{9A19103F-16F7-4668-BE54-9A1E7A4F7556}") = "LibraryApp", "LibraryApp\LibraryApp.csproj", "{3020277F-5DCA-4FBA-8C97-2A5495242586}"
EndProject
Global
	GlobalSection(SolutionConfigurationPlatforms) = preSolution
		Debug|Any CPU = Debug|Any CPU
		Release|Any CPU = Release|Any CPU
	EndGlobalSection
	GlobalSection(ProjectConfigurationPlatforms) = postSolution
		{3020277F-5DCA-4FBA-8C97-2A5495242586}.Debug|Any CPU.ActiveCfg = Debug|Any CPU
		{3020277F-5DCA-4FBA-8C97-2A5495242586}.Debug|Any CPU.Build.0 = Debug|Any CPU
		{3020277F-5DCA-4FBA-8C97-2A5495242586}.Release|Any CPU.ActiveCfg = Release|Any CPU
		{3020277F-5DCA-4FBA-8C97-2A5495242586}.Release|Any CPU.Build.0 = Release|Any CPU
	EndGlobalSection
	GlobalSection(SolutionProperties) = preSolution
		HideSolutionNode = FALSE
	EndGlobalSection
	GlobalSection(ExtensibilityGlobals) = postSolution
		SolutionGuid = {1FEF944A-ECE6-454A-8FC7-AE991751C8E0}
	EndGlobalSection
EndGlobal
