
Microsoft Visual Studio Solution File, Format Version 12.00
# Visual Studio Version 17
VisualStudioVersion = 17.5.002.0
MinimumVisualStudioVersion = 10.0.40219.1
Project("{9A19103F-16F7-4668-BE54-9A1E7A4F7556}") = "LibraryApp", "LibraryApp.csproj", "{420D8D94-15BA-4918-97CA-8EFB66C31349}"
EndProject
Global
	GlobalSection(SolutionConfigurationPlatforms) = preSolution
		Debug|Any CPU = Debug|Any CPU
		Release|Any CPU = Release|Any CPU
	EndGlobalSection
	GlobalSection(ProjectConfigurationPlatforms) = postSolution
		{420D8D94-15BA-4918-97CA-8EFB66C31349}.Debug|Any CPU.ActiveCfg = Debug|Any CPU
		{420D8D94-15BA-4918-97CA-8EFB66C31349}.Debug|Any CPU.Build.0 = Debug|Any CPU
		{420D8D94-15BA-4918-97CA-8EFB66C31349}.Release|Any CPU.ActiveCfg = Release|Any CPU
		{420D8D94-15BA-4918-97CA-8EFB66C31349}.Release|Any CPU.Build.0 = Release|Any CPU
	EndGlobalSection
	GlobalSection(SolutionProperties) = preSolution
		HideSolutionNode = FALSE
	EndGlobalSection
	GlobalSection(ExtensibilityGlobals) = postSolution
		SolutionGuid = {7E0A0BE6-7A79-4573-B97F-EE3DB0DB1CA6}
	EndGlobalSection
EndGlobal
