
Microsoft Visual Studio Solution File, Format Version 12.00
# Visual Studio Version 17
VisualStudioVersion = 17.5.002.0
MinimumVisualStudioVersion = 10.0.40219.1
Project("{9A19103F-16F7-4668-BE54-9A1E7A4F7556}") = "LibraryApp", "LibraryApp.csproj", "{226CC5A8-FB88-42D0-A4A3-6C4B68E394AD}"
EndProject
Global
	GlobalSection(SolutionConfigurationPlatforms) = preSolution
		Debug|Any CPU = Debug|Any CPU
		Release|Any CPU = Release|Any CPU
	EndGlobalSection
	GlobalSection(ProjectConfigurationPlatforms) = postSolution
		{226CC5A8-FB88-42D0-A4A3-6C4B68E394AD}.Debug|Any CPU.ActiveCfg = Debug|Any CPU
		{226CC5A8-FB88-42D0-A4A3-6C4B68E394AD}.Debug|Any CPU.Build.0 = Debug|Any CPU
		{226CC5A8-FB88-42D0-A4A3-6C4B68E394AD}.Release|Any CPU.ActiveCfg = Release|Any CPU
		{226CC5A8-FB88-42D0-A4A3-6C4B68E394AD}.Release|Any CPU.Build.0 = Release|Any CPU
	EndGlobalSection
	GlobalSection(SolutionProperties) = preSolution
		HideSolutionNode = FALSE
	EndGlobalSection
	GlobalSection(ExtensibilityGlobals) = postSolution
		SolutionGuid = {BF2CCADA-82A4-485A-8B8E-C62E26A1F586}
	EndGlobalSection
EndGlobal
